{
  "name": "crossword-helper",
  "version": "1.0.0",
  "lockfileVersion": 1,
  "requires": true,
  "dependencies": {
    "now": {
      "version": "19.0.1",
      "resolved": "https://registry.npmjs.org/now/-/now-19.0.1.tgz",
      "integrity": "sha512-Q/dUlRBPzoy6lHw9P9qnzGmXw3aBU5ypQ1JjrKwoQJoEVhU5hCa9dJCEtIiSIG5cModcirU0xJPemg54dvWPnA=="
    }
  }
}
